{
  "pins" : [
    {
      "identity" : "factory",
      "kind" : "remoteSourceControl",
      "location" : "https://github.com/hmlongco/Factory.git",
      "state" : {
        "revision" : "86c72fccbc8b4f978b46c629c46038d2e59a62f1",
        "version" : "2.1.2"
      }
    },
    {
      "identity" : "simpletoast",
      "kind" : "remoteSourceControl",
      "location" : "https://github.com/sanzaru/SimpleToast.git",
      "state" : {
        "branch" : "master",
        "revision" : "2103ce321351ad4b41a2bcf051d5b0c462c355ef"
      }
    }
  ],
  "version" : 2
}
