// !$*UTF8*$!
{
	archiveVersion = 1;
	classes = {
	};
	objectVersion = 55;
	objects = {

/* Begin PBXBuildFile section */
		2A0725A628B4DC58007C38B7 /* Constants.swift in Sources */ = {isa = PBXBuildFile; fileRef = 2A0725A528B4DC58007C38B7 /* Constants.swift */; };
		2A23EA56288AEFC800D6DF02 /* Zaap.swift in Sources */ = {isa = PBXBuildFile; fileRef = 2A23EA55288AEFC800D6DF02 /* Zaap.swift */; };
		2A23EA5A288AEFC800D6DF02 /* Assets.xcassets in Resources */ = {isa = PBXBuildFile; fileRef = 2A23EA59288AEFC800D6DF02 /* Assets.xcassets */; };
		2A23EA5D288AEFC800D6DF02 /* Preview Assets.xcassets in Resources */ = {isa = PBXBuildFile; fileRef = 2A23EA5C288AEFC800D6DF02 /* Preview Assets.xcassets */; };
		2A23EA67288AEFC800D6DF02 /* ZaapTests.swift in Sources */ = {isa = PBXBuildFile; fileRef = 2A23EA66288AEFC800D6DF02 /* ZaapTests.swift */; };
		2A23EA71288AEFC800D6DF02 /* ZaapUITests.swift in Sources */ = {isa = PBXBuildFile; fileRef = 2A23EA70288AEFC800D6DF02 /* ZaapUITests.swift */; };
		2A23EA73288AEFC800D6DF02 /* ZaapUITestsLaunchTests.swift in Sources */ = {isa = PBXBuildFile; fileRef = 2A23EA72288AEFC800D6DF02 /* ZaapUITestsLaunchTests.swift */; };
		2A23EA80288AF00400D6DF02 /* SignInView.swift in Sources */ = {isa = PBXBuildFile; fileRef = 2A23EA7F288AF00400D6DF02 /* SignInView.swift */; };
		2A23EA82288AF01800D6DF02 /* SignInViewModel.swift in Sources */ = {isa = PBXBuildFile; fileRef = 2A23EA81288AF01800D6DF02 /* SignInViewModel.swift */; };
		2A23EA84288AF02F00D6DF02 /* UserDetailView.swift in Sources */ = {isa = PBXBuildFile; fileRef = 2A23EA83288AF02F00D6DF02 /* UserDetailView.swift */; };
		2A23EA86288AF05700D6DF02 /* DependencyInjector.swift in Sources */ = {isa = PBXBuildFile; fileRef = 2A23EA85288AF05700D6DF02 /* DependencyInjector.swift */; };
		2A23EA89288AF09100D6DF02 /* Localizable.strings in Resources */ = {isa = PBXBuildFile; fileRef = 2A23EA88288AF09100D6DF02 /* Localizable.strings */; };
		2A23EA8B288AF14300D6DF02 /* L10n.swift in Sources */ = {isa = PBXBuildFile; fileRef = 2A23EA8A288AF14300D6DF02 /* L10n.swift */; };
		2A23EA8D288AF3F500D6DF02 /* Assets.swift in Sources */ = {isa = PBXBuildFile; fileRef = 2A23EA8C288AF3F500D6DF02 /* Assets.swift */; };
		2A3C4323288D711400F77E12 /* LabelledDividerView.swift in Sources */ = {isa = PBXBuildFile; fileRef = 2A3C4322288D711400F77E12 /* LabelledDividerView.swift */; };
		2A3C4325288D802400F77E12 /* SignUpView.swift in Sources */ = {isa = PBXBuildFile; fileRef = 2A3C4324288D802400F77E12 /* SignUpView.swift */; };
		2A3C4327288D813900F77E12 /* SignUpViewModel.swift in Sources */ = {isa = PBXBuildFile; fileRef = 2A3C4326288D813900F77E12 /* SignUpViewModel.swift */; };
		2A6FD0D728B8048D002160C7 /* User.swift in Sources */ = {isa = PBXBuildFile; fileRef = 2A6FD0D628B8048D002160C7 /* User.swift */; };
		2A6FD0D928B8B5AE002160C7 /* UserRespone.swift in Sources */ = {isa = PBXBuildFile; fileRef = 2A6FD0D828B8B5AE002160C7 /* UserRespone.swift */; };
		2A6FD0DB28B8FA4C002160C7 /* ApiError.swift in Sources */ = {isa = PBXBuildFile; fileRef = 2A6FD0DA28B8FA4C002160C7 /* ApiError.swift */; };
		2A93FC3028BFADAE00CF922F /* SimpleToast in Frameworks */ = {isa = PBXBuildFile; productRef = 2A93FC2F28BFADAE00CF922F /* SimpleToast */; };
		2ABACA2C28BCB75300C7CB8E /* SimpleToast in Frameworks */ = {isa = PBXBuildFile; productRef = 2ABACA2B28BCB75300C7CB8E /* SimpleToast */; };
		2AC8E1F028B4F8B2002D48F9 /* ApiService.swift in Sources */ = {isa = PBXBuildFile; fileRef = 2AC8E1EF28B4F8B2002D48F9 /* ApiService.swift */; };
		2AC8E1F728B4FB62002D48F9 /* ApiRepository.swift in Sources */ = {isa = PBXBuildFile; fileRef = 2AC8E1F628B4FB62002D48F9 /* ApiRepository.swift */; };
/* End PBXBuildFile section */

/* Begin PBXContainerItemProxy section */
		2A23EA63288AEFC800D6DF02 /* PBXContainerItemProxy */ = {
			isa = PBXContainerItemProxy;
			containerPortal = 2A23EA4A288AEFC800D6DF02 /* Project object */;
			proxyType = 1;
			remoteGlobalIDString = 2A23EA51288AEFC800D6DF02;
			remoteInfo = Zaap;
		};
		2A23EA6D288AEFC800D6DF02 /* PBXContainerItemProxy */ = {
			isa = PBXContainerItemProxy;
			containerPortal = 2A23EA4A288AEFC800D6DF02 /* Project object */;
			proxyType = 1;
			remoteGlobalIDString = 2A23EA51288AEFC800D6DF02;
			remoteInfo = Zaap;
		};
/* End PBXContainerItemProxy section */

/* Begin PBXFileReference section */
		2A0725A528B4DC58007C38B7 /* Constants.swift */ = {isa = PBXFileReference; lastKnownFileType = sourcecode.swift; path = Constants.swift; sourceTree = "<group>"; };
		2A23EA52288AEFC800D6DF02 /* Zaap.app */ = {isa = PBXFileReference; explicitFileType = wrapper.application; includeInIndex = 0; path = Zaap.app; sourceTree = BUILT_PRODUCTS_DIR; };
		2A23EA55288AEFC800D6DF02 /* Zaap.swift */ = {isa = PBXFileReference; lastKnownFileType = sourcecode.swift; path = Zaap.swift; sourceTree = "<group>"; };
		2A23EA59288AEFC800D6DF02 /* Assets.xcassets */ = {isa = PBXFileReference; lastKnownFileType = folder.assetcatalog; path = Assets.xcassets; sourceTree = "<group>"; };
		2A23EA5C288AEFC800D6DF02 /* Preview Assets.xcassets */ = {isa = PBXFileReference; lastKnownFileType = folder.assetcatalog; path = "Preview Assets.xcassets"; sourceTree = "<group>"; };
		2A23EA62288AEFC800D6DF02 /* ZaapTests.xctest */ = {isa = PBXFileReference; explicitFileType = wrapper.cfbundle; includeInIndex = 0; path = ZaapTests.xctest; sourceTree = BUILT_PRODUCTS_DIR; };
		2A23EA66288AEFC800D6DF02 /* ZaapTests.swift */ = {isa = PBXFileReference; lastKnownFileType = sourcecode.swift; path = ZaapTests.swift; sourceTree = "<group>"; };
		2A23EA6C288AEFC800D6DF02 /* ZaapUITests.xctest */ = {isa = PBXFileReference; explicitFileType = wrapper.cfbundle; includeInIndex = 0; path = ZaapUITests.xctest; sourceTree = BUILT_PRODUCTS_DIR; };
		2A23EA70288AEFC800D6DF02 /* ZaapUITests.swift */ = {isa = PBXFileReference; lastKnownFileType = sourcecode.swift; path = ZaapUITests.swift; sourceTree = "<group>"; };
		2A23EA72288AEFC800D6DF02 /* ZaapUITestsLaunchTests.swift */ = {isa = PBXFileReference; lastKnownFileType = sourcecode.swift; path = ZaapUITestsLaunchTests.swift; sourceTree = "<group>"; };
		2A23EA7F288AF00400D6DF02 /* SignInView.swift */ = {isa = PBXFileReference; lastKnownFileType = sourcecode.swift; path = SignInView.swift; sourceTree = "<group>"; };
		2A23EA81288AF01800D6DF02 /* SignInViewModel.swift */ = {isa = PBXFileReference; lastKnownFileType = sourcecode.swift; path = SignInViewModel.swift; sourceTree = "<group>"; };
		2A23EA83288AF02F00D6DF02 /* UserDetailView.swift */ = {isa = PBXFileReference; lastKnownFileType = sourcecode.swift; path = UserDetailView.swift; sourceTree = "<group>"; };
		2A23EA85288AF05700D6DF02 /* DependencyInjector.swift */ = {isa = PBXFileReference; lastKnownFileType = sourcecode.swift; path = DependencyInjector.swift; sourceTree = "<group>"; };
		2A23EA88288AF09100D6DF02 /* Localizable.strings */ = {isa = PBXFileReference; lastKnownFileType = text.plist.strings; path = Localizable.strings; sourceTree = "<group>"; };
		2A23EA8A288AF14300D6DF02 /* L10n.swift */ = {isa = PBXFileReference; lastKnownFileType = sourcecode.swift; path = L10n.swift; sourceTree = "<group>"; };
		2A23EA8C288AF3F500D6DF02 /* Assets.swift */ = {isa = PBXFileReference; lastKnownFileType = sourcecode.swift; path = Assets.swift; sourceTree = "<group>"; };
		2A3C4322288D711400F77E12 /* LabelledDividerView.swift */ = {isa = PBXFileReference; lastKnownFileType = sourcecode.swift; path = LabelledDividerView.swift; sourceTree = "<group>"; };
		2A3C4324288D802400F77E12 /* SignUpView.swift */ = {isa = PBXFileReference; lastKnownFileType = sourcecode.swift; path = SignUpView.swift; sourceTree = "<group>"; };
		2A3C4326288D813900F77E12 /* SignUpViewModel.swift */ = {isa = PBXFileReference; lastKnownFileType = sourcecode.swift; path = SignUpViewModel.swift; sourceTree = "<group>"; };
		2A6FD0D628B8048D002160C7 /* User.swift */ = {isa = PBXFileReference; lastKnownFileType = sourcecode.swift; path = User.swift; sourceTree = "<group>"; };
		2A6FD0D828B8B5AE002160C7 /* UserRespone.swift */ = {isa = PBXFileReference; lastKnownFileType = sourcecode.swift; path = UserRespone.swift; sourceTree = "<group>"; };
		2A6FD0DA28B8FA4C002160C7 /* ApiError.swift */ = {isa = PBXFileReference; lastKnownFileType = sourcecode.swift; path = ApiError.swift; sourceTree = "<group>"; };
		2AC8E1EF28B4F8B2002D48F9 /* ApiService.swift */ = {isa = PBXFileReference; lastKnownFileType = sourcecode.swift; path = ApiService.swift; sourceTree = "<group>"; };
		2AC8E1F628B4FB62002D48F9 /* ApiRepository.swift */ = {isa = PBXFileReference; lastKnownFileType = sourcecode.swift; path = ApiRepository.swift; sourceTree = "<group>"; };
/* End PBXFileReference section */

/* Begin PBXFrameworksBuildPhase section */
		2A23EA4F288AEFC800D6DF02 /* Frameworks */ = {
			isa = PBXFrameworksBuildPhase;
			buildActionMask = 2147483647;
			files = (
				2A93FC3028BFADAE00CF922F /* SimpleToast in Frameworks */,
				2ABACA2C28BCB75300C7CB8E /* SimpleToast in Frameworks */,
			);
			runOnlyForDeploymentPostprocessing = 0;
		};
		2A23EA5F288AEFC800D6DF02 /* Frameworks */ = {
			isa = PBXFrameworksBuildPhase;
			buildActionMask = 2147483647;
			files = (
			);
			runOnlyForDeploymentPostprocessing = 0;
		};
		2A23EA69288AEFC800D6DF02 /* Frameworks */ = {
			isa = PBXFrameworksBuildPhase;
			buildActionMask = 2147483647;
			files = (
			);
			runOnlyForDeploymentPostprocessing = 0;
		};
/* End PBXFrameworksBuildPhase section */

/* Begin PBXGroup section */
		2A0725A428B4DBE6007C38B7 /* App */ = {
			isa = PBXGroup;
			children = (
				2A0725A528B4DC58007C38B7 /* Constants.swift */,
				2A23EA55288AEFC800D6DF02 /* Zaap.swift */,
			);
			path = App;
			sourceTree = "<group>";
		};
		2A23EA49288AEFC800D6DF02 = {
			isa = PBXGroup;
			children = (
				2A23EA54288AEFC800D6DF02 /* Zaap */,
				2A23EA65288AEFC800D6DF02 /* ZaapTests */,
				2A23EA6F288AEFC800D6DF02 /* ZaapUITests */,
				2A23EA53288AEFC800D6DF02 /* Products */,
			);
			sourceTree = "<group>";
		};
		2A23EA53288AEFC800D6DF02 /* Products */ = {
			isa = PBXGroup;
			children = (
				2A23EA52288AEFC800D6DF02 /* Zaap.app */,
				2A23EA62288AEFC800D6DF02 /* ZaapTests.xctest */,
				2A23EA6C288AEFC800D6DF02 /* ZaapUITests.xctest */,
			);
			name = Products;
			sourceTree = "<group>";
		};
		2A23EA54288AEFC800D6DF02 /* Zaap */ = {
			isa = PBXGroup;
			children = (
				2A6FD0D428B8040C002160C7 /* Models */,
				2A0725A428B4DBE6007C38B7 /* App */,
				2A23EA5B288AEFC800D6DF02 /* Preview Content */,
				2AC8E1F528B4FB4D002D48F9 /* Repositories */,
				2A23EA87288AF07700D6DF02 /* Resources */,
				2AC8E1EE28B4F729002D48F9 /* Services */,
				2AC8E1EB28B4F6C7002D48F9 /* Utils */,
				2AC8E1EA28B4F6AD002D48F9 /* ViewModels */,
				2AC8E1E928B4F64B002D48F9 /* Views */,
			);
			path = Zaap;
			sourceTree = "<group>";
		};
		2A23EA5B288AEFC800D6DF02 /* Preview Content */ = {
			isa = PBXGroup;
			children = (
				2A23EA5C288AEFC800D6DF02 /* Preview Assets.xcassets */,
			);
			path = "Preview Content";
			sourceTree = "<group>";
		};
		2A23EA65288AEFC800D6DF02 /* ZaapTests */ = {
			isa = PBXGroup;
			children = (
				2A23EA66288AEFC800D6DF02 /* ZaapTests.swift */,
			);
			path = ZaapTests;
			sourceTree = "<group>";
		};
		2A23EA6F288AEFC800D6DF02 /* ZaapUITests */ = {
			isa = PBXGroup;
			children = (
				2A23EA70288AEFC800D6DF02 /* ZaapUITests.swift */,
				2A23EA72288AEFC800D6DF02 /* ZaapUITestsLaunchTests.swift */,
			);
			path = ZaapUITests;
			sourceTree = "<group>";
		};
		2A23EA87288AF07700D6DF02 /* Resources */ = {
			isa = PBXGroup;
			children = (
				2A23EA8C288AF3F500D6DF02 /* Assets.swift */,
				2A23EA59288AEFC800D6DF02 /* Assets.xcassets */,
				2A23EA8A288AF14300D6DF02 /* L10n.swift */,
				2A23EA88288AF09100D6DF02 /* Localizable.strings */,
			);
			path = Resources;
			sourceTree = "<group>";
		};
		2A6FD0D428B8040C002160C7 /* Models */ = {
			isa = PBXGroup;
			children = (
				2A6FD0D828B8B5AE002160C7 /* UserRespone.swift */,
				2A6FD0D628B8048D002160C7 /* User.swift */,
				2A6FD0DA28B8FA4C002160C7 /* ApiError.swift */,
			);
			path = Models;
			sourceTree = "<group>";
		};
		2AC8E1E928B4F64B002D48F9 /* Views */ = {
			isa = PBXGroup;
			children = (
				2AC8E1ED28B4F6FF002D48F9 /* Shared */,
				2AC8E1EC28B4F6EA002D48F9 /* Scenes */,
			);
			path = Views;
			sourceTree = "<group>";
		};
		2AC8E1EA28B4F6AD002D48F9 /* ViewModels */ = {
			isa = PBXGroup;
			children = (
				2A23EA81288AF01800D6DF02 /* SignInViewModel.swift */,
				2A3C4326288D813900F77E12 /* SignUpViewModel.swift */,
			);
			path = ViewModels;
			sourceTree = "<group>";
		};
		2AC8E1EB28B4F6C7002D48F9 /* Utils */ = {
			isa = PBXGroup;
			children = (
				2A23EA85288AF05700D6DF02 /* DependencyInjector.swift */,
			);
			path = Utils;
			sourceTree = "<group>";
		};
		2AC8E1EC28B4F6EA002D48F9 /* Scenes */ = {
			isa = PBXGroup;
			children = (
				2A23EA7F288AF00400D6DF02 /* SignInView.swift */,
				2A3C4324288D802400F77E12 /* SignUpView.swift */,
			);
			path = Scenes;
			sourceTree = "<group>";
		};
		2AC8E1ED28B4F6FF002D48F9 /* Shared */ = {
			isa = PBXGroup;
			children = (
				2A3C4322288D711400F77E12 /* LabelledDividerView.swift */,
				2A23EA83288AF02F00D6DF02 /* UserDetailView.swift */,
			);
			path = Shared;
			sourceTree = "<group>";
		};
		2AC8E1EE28B4F729002D48F9 /* Services */ = {
			isa = PBXGroup;
			children = (
				2AC8E1EF28B4F8B2002D48F9 /* ApiService.swift */,
			);
			path = Services;
			sourceTree = "<group>";
		};
		2AC8E1F528B4FB4D002D48F9 /* Repositories */ = {
			isa = PBXGroup;
			children = (
				2AC8E1F628B4FB62002D48F9 /* ApiRepository.swift */,
			);
			path = Repositories;
			sourceTree = "<group>";
		};
/* End PBXGroup section */

/* Begin PBXNativeTarget section */
		2A23EA51288AEFC800D6DF02 /* Zaap */ = {
			isa = PBXNativeTarget;
			buildConfigurationList = 2A23EA76288AEFC800D6DF02 /* Build configuration list for PBXNativeTarget "Zaap" */;
			buildPhases = (
				2A23EA4E288AEFC800D6DF02 /* Sources */,
				2A23EA4F288AEFC800D6DF02 /* Frameworks */,
				2A23EA50288AEFC800D6DF02 /* Resources */,
			);
			buildRules = (
			);
			dependencies = (
			);
			name = Zaap;
			packageProductDependencies = (
				2ABACA2B28BCB75300C7CB8E /* SimpleToast */,
				2A93FC2F28BFADAE00CF922F /* SimpleToast */,
			);
			productName = Zaap;
			productReference = 2A23EA52288AEFC800D6DF02 /* Zaap.app */;
			productType = "com.apple.product-type.application";
		};
		2A23EA61288AEFC800D6DF02 /* ZaapTests */ = {
			isa = PBXNativeTarget;
			buildConfigurationList = 2A23EA79288AEFC800D6DF02 /* Build configuration list for PBXNativeTarget "ZaapTests" */;
			buildPhases = (
				2A23EA5E288AEFC800D6DF02 /* Sources */,
				2A23EA5F288AEFC800D6DF02 /* Frameworks */,
				2A23EA60288AEFC800D6DF02 /* Resources */,
			);
			buildRules = (
			);
			dependencies = (
				2A23EA64288AEFC800D6DF02 /* PBXTargetDependency */,
			);
			name = ZaapTests;
			productName = ZaapTests;
			productReference = 2A23EA62288AEFC800D6DF02 /* ZaapTests.xctest */;
			productType = "com.apple.product-type.bundle.unit-test";
		};
		2A23EA6B288AEFC800D6DF02 /* ZaapUITests */ = {
			isa = PBXNativeTarget;
			buildConfigurationList = 2A23EA7C288AEFC800D6DF02 /* Build configuration list for PBXNativeTarget "ZaapUITests" */;
			buildPhases = (
				2A23EA68288AEFC800D6DF02 /* Sources */,
				2A23EA69288AEFC800D6DF02 /* Frameworks */,
				2A23EA6A288AEFC800D6DF02 /* Resources */,
			);
			buildRules = (
			);
			dependencies = (
				2A23EA6E288AEFC800D6DF02 /* PBXTargetDependency */,
			);
			name = ZaapUITests;
			productName = ZaapUITests;
			productReference = 2A23EA6C288AEFC800D6DF02 /* ZaapUITests.xctest */;
			productType = "com.apple.product-type.bundle.ui-testing";
		};
/* End PBXNativeTarget section */

/* Begin PBXProject section */
		2A23EA4A288AEFC800D6DF02 /* Project object */ = {
			isa = PBXProject;
			attributes = {
				BuildIndependentTargetsInParallel = 1;
				LastSwiftUpdateCheck = 1340;
				LastUpgradeCheck = 1340;
				TargetAttributes = {
					2A23EA51288AEFC800D6DF02 = {
						CreatedOnToolsVersion = 13.4.1;
					};
					2A23EA61288AEFC800D6DF02 = {
						CreatedOnToolsVersion = 13.4.1;
						TestTargetID = 2A23EA51288AEFC800D6DF02;
					};
					2A23EA6B288AEFC800D6DF02 = {
						CreatedOnToolsVersion = 13.4.1;
						TestTargetID = 2A23EA51288AEFC800D6DF02;
					};
				};
			};
			buildConfigurationList = 2A23EA4D288AEFC800D6DF02 /* Build configuration list for PBXProject "Zaap" */;
			compatibilityVersion = "Xcode 13.0";
			developmentRegion = en;
			hasScannedForEncodings = 0;
			knownRegions = (
				en,
				Base,
			);
			mainGroup = 2A23EA49288AEFC800D6DF02;
			packageReferences = (
				2ABACA2A28BCB75300C7CB8E /* XCRemoteSwiftPackageReference "SimpleToast" */,
				2A93FC2E28BFADAE00CF922F /* XCRemoteSwiftPackageReference "SimpleToast" */,
			);
			productRefGroup = 2A23EA53288AEFC800D6DF02 /* Products */;
			projectDirPath = "";
			projectRoot = "";
			targets = (
				2A23EA51288AEFC800D6DF02 /* Zaap */,
				2A23EA61288AEFC800D6DF02 /* ZaapTests */,
				2A23EA6B288AEFC800D6DF02 /* ZaapUITests */,
			);
		};
/* End PBXProject section */

/* Begin PBXResourcesBuildPhase section */
		2A23EA50288AEFC800D6DF02 /* Resources */ = {
			isa = PBXResourcesBuildPhase;
			buildActionMask = 2147483647;
			files = (
				2A23EA5D288AEFC800D6DF02 /* Preview Assets.xcassets in Resources */,
				2A23EA89288AF09100D6DF02 /* Localizable.strings in Resources */,
				2A23EA5A288AEFC800D6DF02 /* Assets.xcassets in Resources */,
			);
			runOnlyForDeploymentPostprocessing = 0;
		};
		2A23EA60288AEFC800D6DF02 /* Resources */ = {
			isa = PBXResourcesBuildPhase;
			buildActionMask = 2147483647;
			files = (
			);
			runOnlyForDeploymentPostprocessing = 0;
		};
		2A23EA6A288AEFC800D6DF02 /* Resources */ = {
			isa = PBXResourcesBuildPhase;
			buildActionMask = 2147483647;
			files = (
			);
			runOnlyForDeploymentPostprocessing = 0;
		};
/* End PBXResourcesBuildPhase section */

/* Begin PBXSourcesBuildPhase section */
		2A23EA4E288AEFC800D6DF02 /* Sources */ = {
			isa = PBXSourcesBuildPhase;
			buildActionMask = 2147483647;
			files = (
				2A23EA84288AF02F00D6DF02 /* UserDetailView.swift in Sources */,
				2A0725A628B4DC58007C38B7 /* Constants.swift in Sources */,
				2A23EA8D288AF3F500D6DF02 /* Assets.swift in Sources */,
				2A6FD0DB28B8FA4C002160C7 /* ApiError.swift in Sources */,
				2A3C4327288D813900F77E12 /* SignUpViewModel.swift in Sources */,
				2A23EA86288AF05700D6DF02 /* DependencyInjector.swift in Sources */,
				2A3C4323288D711400F77E12 /* LabelledDividerView.swift in Sources */,
				2A6FD0D728B8048D002160C7 /* User.swift in Sources */,
				2AC8E1F728B4FB62002D48F9 /* ApiRepository.swift in Sources */,
				2AC8E1F028B4F8B2002D48F9 /* ApiService.swift in Sources */,
				2A23EA8B288AF14300D6DF02 /* L10n.swift in Sources */,
				2A23EA80288AF00400D6DF02 /* SignInView.swift in Sources */,
				2A23EA56288AEFC800D6DF02 /* Zaap.swift in Sources */,
				2A3C4325288D802400F77E12 /* SignUpView.swift in Sources */,
				2A23EA82288AF01800D6DF02 /* SignInViewModel.swift in Sources */,
				2A6FD0D928B8B5AE002160C7 /* UserRespone.swift in Sources */,
			);
			runOnlyForDeploymentPostprocessing = 0;
		};
		2A23EA5E288AEFC800D6DF02 /* Sources */ = {
			isa = PBXSourcesBuildPhase;
			buildActionMask = 2147483647;
			files = (
				2A23EA67288AEFC800D6DF02 /* ZaapTests.swift in Sources */,
			);
			runOnlyForDeploymentPostprocessing = 0;
		};
		2A23EA68288AEFC800D6DF02 /* Sources */ = {
			isa = PBXSourcesBuildPhase;
			buildActionMask = 2147483647;
			files = (
				2A23EA73288AEFC800D6DF02 /* ZaapUITestsLaunchTests.swift in Sources */,
				2A23EA71288AEFC800D6DF02 /* ZaapUITests.swift in Sources */,
			);
			runOnlyForDeploymentPostprocessing = 0;
		};
/* End PBXSourcesBuildPhase section */

/* Begin PBXTargetDependency section */
		2A23EA64288AEFC800D6DF02 /* PBXTargetDependency */ = {
			isa = PBXTargetDependency;
			target = 2A23EA51288AEFC800D6DF02 /* Zaap */;
			targetProxy = 2A23EA63288AEFC800D6DF02 /* PBXContainerItemProxy */;
		};
		2A23EA6E288AEFC800D6DF02 /* PBXTargetDependency */ = {
			isa = PBXTargetDependency;
			target = 2A23EA51288AEFC800D6DF02 /* Zaap */;
			targetProxy = 2A23EA6D288AEFC800D6DF02 /* PBXContainerItemProxy */;
		};
/* End PBXTargetDependency section */

/* Begin XCBuildConfiguration section */
		2A23EA74288AEFC800D6DF02 /* Debug */ = {
			isa = XCBuildConfiguration;
			buildSettings = {
				ALWAYS_SEARCH_USER_PATHS = NO;
				CLANG_ANALYZER_NONNULL = YES;
				CLANG_ANALYZER_NUMBER_OBJECT_CONVERSION = YES_AGGRESSIVE;
				CLANG_CXX_LANGUAGE_STANDARD = "gnu++17";
				CLANG_ENABLE_MODULES = YES;
				CLANG_ENABLE_OBJC_ARC = YES;
				CLANG_ENABLE_OBJC_WEAK = YES;
				CLANG_WARN_BLOCK_CAPTURE_AUTORELEASING = YES;
				CLANG_WARN_BOOL_CONVERSION = YES;
				CLANG_WARN_COMMA = YES;
				CLANG_WARN_CONSTANT_CONVERSION = YES;
				CLANG_WARN_DEPRECATED_OBJC_IMPLEMENTATIONS = YES;
				CLANG_WARN_DIRECT_OBJC_ISA_USAGE = YES_ERROR;
				CLANG_WARN_DOCUMENTATION_COMMENTS = YES;
				CLANG_WARN_EMPTY_BODY = YES;
				CLANG_WARN_ENUM_CONVERSION = YES;
				CLANG_WARN_INFINITE_RECURSION = YES;
				CLANG_WARN_INT_CONVERSION = YES;
				CLANG_WARN_NON_LITERAL_NULL_CONVERSION = YES;
				CLANG_WARN_OBJC_IMPLICIT_RETAIN_SELF = YES;
				CLANG_WARN_OBJC_LITERAL_CONVERSION = YES;
				CLANG_WARN_OBJC_ROOT_CLASS = YES_ERROR;
				CLANG_WARN_QUOTED_INCLUDE_IN_FRAMEWORK_HEADER = YES;
				CLANG_WARN_RANGE_LOOP_ANALYSIS = YES;
				CLANG_WARN_STRICT_PROTOTYPES = YES;
				CLANG_WARN_SUSPICIOUS_MOVE = YES;
				CLANG_WARN_UNGUARDED_AVAILABILITY = YES_AGGRESSIVE;
				CLANG_WARN_UNREACHABLE_CODE = YES;
				CLANG_WARN__DUPLICATE_METHOD_MATCH = YES;
				COPY_PHASE_STRIP = NO;
				DEBUG_INFORMATION_FORMAT = dwarf;
				ENABLE_STRICT_OBJC_MSGSEND = YES;
				ENABLE_TESTABILITY = YES;
				GCC_C_LANGUAGE_STANDARD = gnu11;
				GCC_DYNAMIC_NO_PIC = NO;
				GCC_NO_COMMON_BLOCKS = YES;
				GCC_OPTIMIZATION_LEVEL = 0;
				GCC_PREPROCESSOR_DEFINITIONS = (
					"DEBUG=1",
					"$(inherited)",
				);
				GCC_WARN_64_TO_32_BIT_CONVERSION = YES;
				GCC_WARN_ABOUT_RETURN_TYPE = YES_ERROR;
				GCC_WARN_UNDECLARED_SELECTOR = YES;
				GCC_WARN_UNINITIALIZED_AUTOS = YES_AGGRESSIVE;
				GCC_WARN_UNUSED_FUNCTION = YES;
				GCC_WARN_UNUSED_VARIABLE = YES;
				IPHONEOS_DEPLOYMENT_TARGET = 15.5;
				MTL_ENABLE_DEBUG_INFO = INCLUDE_SOURCE;
				MTL_FAST_MATH = YES;
				ONLY_ACTIVE_ARCH = YES;
				SDKROOT = iphoneos;
				SWIFT_ACTIVE_COMPILATION_CONDITIONS = DEBUG;
				SWIFT_OPTIMIZATION_LEVEL = "-Onone";
			};
			name = Debug;
		};
		2A23EA75288AEFC800D6DF02 /* Release */ = {
			isa = XCBuildConfiguration;
			buildSettings = {
				ALWAYS_SEARCH_USER_PATHS = NO;
				CLANG_ANALYZER_NONNULL = YES;
				CLANG_ANALYZER_NUMBER_OBJECT_CONVERSION = YES_AGGRESSIVE;
				CLANG_CXX_LANGUAGE_STANDARD = "gnu++17";
				CLANG_ENABLE_MODULES = YES;
				CLANG_ENABLE_OBJC_ARC = YES;
				CLANG_ENABLE_OBJC_WEAK = YES;
				CLANG_WARN_BLOCK_CAPTURE_AUTORELEASING = YES;
				CLANG_WARN_BOOL_CONVERSION = YES;
				CLANG_WARN_COMMA = YES;
				CLANG_WARN_CONSTANT_CONVERSION = YES;
				CLANG_WARN_DEPRECATED_OBJC_IMPLEMENTATIONS = YES;
				CLANG_WARN_DIRECT_OBJC_ISA_USAGE = YES_ERROR;
				CLANG_WARN_DOCUMENTATION_COMMENTS = YES;
				CLANG_WARN_EMPTY_BODY = YES;
				CLANG_WARN_ENUM_CONVERSION = YES;
				CLANG_WARN_INFINITE_RECURSION = YES;
				CLANG_WARN_INT_CONVERSION = YES;
				CLANG_WARN_NON_LITERAL_NULL_CONVERSION = YES;
				CLANG_WARN_OBJC_IMPLICIT_RETAIN_SELF = YES;
				CLANG_WARN_OBJC_LITERAL_CONVERSION = YES;
				CLANG_WARN_OBJC_ROOT_CLASS = YES_ERROR;
				CLANG_WARN_QUOTED_INCLUDE_IN_FRAMEWORK_HEADER = YES;
				CLANG_WARN_RANGE_LOOP_ANALYSIS = YES;
				CLANG_WARN_STRICT_PROTOTYPES = YES;
				CLANG_WARN_SUSPICIOUS_MOVE = YES;
				CLANG_WARN_UNGUARDED_AVAILABILITY = YES_AGGRESSIVE;
				CLANG_WARN_UNREACHABLE_CODE = YES;
				CLANG_WARN__DUPLICATE_METHOD_MATCH = YES;
				COPY_PHASE_STRIP = NO;
				DEBUG_INFORMATION_FORMAT = "dwarf-with-dsym";
				ENABLE_NS_ASSERTIONS = NO;
				ENABLE_STRICT_OBJC_MSGSEND = YES;
				GCC_C_LANGUAGE_STANDARD = gnu11;
				GCC_NO_COMMON_BLOCKS = YES;
				GCC_WARN_64_TO_32_BIT_CONVERSION = YES;
				GCC_WARN_ABOUT_RETURN_TYPE = YES_ERROR;
				GCC_WARN_UNDECLARED_SELECTOR = YES;
				GCC_WARN_UNINITIALIZED_AUTOS = YES_AGGRESSIVE;
				GCC_WARN_UNUSED_FUNCTION = YES;
				GCC_WARN_UNUSED_VARIABLE = YES;
				IPHONEOS_DEPLOYMENT_TARGET = 15.5;
				MTL_ENABLE_DEBUG_INFO = NO;
				MTL_FAST_MATH = YES;
				SDKROOT = iphoneos;
				SWIFT_COMPILATION_MODE = wholemodule;
				SWIFT_OPTIMIZATION_LEVEL = "-O";
				VALIDATE_PRODUCT = YES;
			};
			name = Release;
		};
		2A23EA77288AEFC800D6DF02 /* Debug */ = {
			isa = XCBuildConfiguration;
			buildSettings = {
				ASSETCATALOG_COMPILER_APPICON_NAME = AppIcon;
				ASSETCATALOG_COMPILER_GLOBAL_ACCENT_COLOR_NAME = AccentColor;
				CODE_SIGN_STYLE = Automatic;
				CURRENT_PROJECT_VERSION = 1;
				DEVELOPMENT_ASSET_PATHS = "\"Zaap/Preview Content\"";
				DEVELOPMENT_TEAM = KA8242WP63;
				ENABLE_PREVIEWS = YES;
				GENERATE_INFOPLIST_FILE = YES;
				INFOPLIST_KEY_UIApplicationSceneManifest_Generation = YES;
				INFOPLIST_KEY_UIApplicationSupportsIndirectInputEvents = YES;
				INFOPLIST_KEY_UILaunchScreen_Generation = YES;
				INFOPLIST_KEY_UISupportedInterfaceOrientations_iPad = "UIInterfaceOrientationPortrait UIInterfaceOrientationPortraitUpsideDown UIInterfaceOrientationLandscapeLeft UIInterfaceOrientationLandscapeRight";
				INFOPLIST_KEY_UISupportedInterfaceOrientations_iPhone = "UIInterfaceOrientationPortrait UIInterfaceOrientationLandscapeLeft UIInterfaceOrientationLandscapeRight";
				LD_RUNPATH_SEARCH_PATHS = (
					"$(inherited)",
					"@executable_path/Frameworks",
				);
				MARKETING_VERSION = 1.0;
				PRODUCT_BUNDLE_IDENTIFIER = com.chtzimas.Zaap;
				PRODUCT_NAME = "$(TARGET_NAME)";
				SWIFT_EMIT_LOC_STRINGS = YES;
				SWIFT_VERSION = 5.0;
				TARGETED_DEVICE_FAMILY = "1,2";
			};
			name = Debug;
		};
		2A23EA78288AEFC800D6DF02 /* Release */ = {
			isa = XCBuildConfiguration;
			buildSettings = {
				ASSETCATALOG_COMPILER_APPICON_NAME = AppIcon;
				ASSETCATALOG_COMPILER_GLOBAL_ACCENT_COLOR_NAME = AccentColor;
				CODE_SIGN_STYLE = Automatic;
				CURRENT_PROJECT_VERSION = 1;
				DEVELOPMENT_ASSET_PATHS = "\"Zaap/Preview Content\"";
				DEVELOPMENT_TEAM = KA8242WP63;
				ENABLE_PREVIEWS = YES;
				GENERATE_INFOPLIST_FILE = YES;
				INFOPLIST_KEY_UIApplicationSceneManifest_Generation = YES;
				INFOPLIST_KEY_UIApplicationSupportsIndirectInputEvents = YES;
				INFOPLIST_KEY_UILaunchScreen_Generation = YES;
				INFOPLIST_KEY_UISupportedInterfaceOrientations_iPad = "UIInterfaceOrientationPortrait UIInterfaceOrientationPortraitUpsideDown UIInterfaceOrientationLandscapeLeft UIInterfaceOrientationLandscapeRight";
				INFOPLIST_KEY_UISupportedInterfaceOrientations_iPhone = "UIInterfaceOrientationPortrait UIInterfaceOrientationLandscapeLeft UIInterfaceOrientationLandscapeRight";
				LD_RUNPATH_SEARCH_PATHS = (
					"$(inherited)",
					"@executable_path/Frameworks",
				);
				MARKETING_VERSION = 1.0;
				PRODUCT_BUNDLE_IDENTIFIER = com.chtzimas.Zaap;
				PRODUCT_NAME = "$(TARGET_NAME)";
				SWIFT_EMIT_LOC_STRINGS = YES;
				SWIFT_VERSION = 5.0;
				TARGETED_DEVICE_FAMILY = "1,2";
			};
			name = Release;
		};
		2A23EA7A288AEFC800D6DF02 /* Debug */ = {
			isa = XCBuildConfiguration;
			buildSettings = {
				ALWAYS_EMBED_SWIFT_STANDARD_LIBRARIES = YES;
				BUNDLE_LOADER = "$(TEST_HOST)";
				CODE_SIGN_STYLE = Automatic;
				CURRENT_PROJECT_VERSION = 1;
				DEVELOPMENT_TEAM = KA8242WP63;
				GENERATE_INFOPLIST_FILE = YES;
				IPHONEOS_DEPLOYMENT_TARGET = 15.5;
				MARKETING_VERSION = 1.0;
				PRODUCT_BUNDLE_IDENTIFIER = com.chtzimas.ZaapTests;
				PRODUCT_NAME = "$(TARGET_NAME)";
				SWIFT_EMIT_LOC_STRINGS = NO;
				SWIFT_VERSION = 5.0;
				TARGETED_DEVICE_FAMILY = "1,2";
				TEST_HOST = "$(BUILT_PRODUCTS_DIR)/Zaap.app/Zaap";
			};
			name = Debug;
		};
		2A23EA7B288AEFC800D6DF02 /* Release */ = {
			isa = XCBuildConfiguration;
			buildSettings = {
				ALWAYS_EMBED_SWIFT_STANDARD_LIBRARIES = YES;
				BUNDLE_LOADER = "$(TEST_HOST)";
				CODE_SIGN_STYLE = Automatic;
				CURRENT_PROJECT_VERSION = 1;
				DEVELOPMENT_TEAM = KA8242WP63;
				GENERATE_INFOPLIST_FILE = YES;
				IPHONEOS_DEPLOYMENT_TARGET = 15.5;
				MARKETING_VERSION = 1.0;
				PRODUCT_BUNDLE_IDENTIFIER = com.chtzimas.ZaapTests;
				PRODUCT_NAME = "$(TARGET_NAME)";
				SWIFT_EMIT_LOC_STRINGS = NO;
				SWIFT_VERSION = 5.0;
				TARGETED_DEVICE_FAMILY = "1,2";
				TEST_HOST = "$(BUILT_PRODUCTS_DIR)/Zaap.app/Zaap";
			};
			name = Release;
		};
		2A23EA7D288AEFC800D6DF02 /* Debug */ = {
			isa = XCBuildConfiguration;
			buildSettings = {
				ALWAYS_EMBED_SWIFT_STANDARD_LIBRARIES = YES;
				CODE_SIGN_STYLE = Automatic;
				CURRENT_PROJECT_VERSION = 1;
				DEVELOPMENT_TEAM = KA8242WP63;
				GENERATE_INFOPLIST_FILE = YES;
				MARKETING_VERSION = 1.0;
				PRODUCT_BUNDLE_IDENTIFIER = com.chtzimas.ZaapUITests;
				PRODUCT_NAME = "$(TARGET_NAME)";
				SWIFT_EMIT_LOC_STRINGS = NO;
				SWIFT_VERSION = 5.0;
				TARGETED_DEVICE_FAMILY = "1,2";
				TEST_TARGET_NAME = Zaap;
			};
			name = Debug;
		};
		2A23EA7E288AEFC800D6DF02 /* Release */ = {
			isa = XCBuildConfiguration;
			buildSettings = {
				ALWAYS_EMBED_SWIFT_STANDARD_LIBRARIES = YES;
				CODE_SIGN_STYLE = Automatic;
				CURRENT_PROJECT_VERSION = 1;
				DEVELOPMENT_TEAM = KA8242WP63;
				GENERATE_INFOPLIST_FILE = YES;
				MARKETING_VERSION = 1.0;
				PRODUCT_BUNDLE_IDENTIFIER = com.chtzimas.ZaapUITests;
				PRODUCT_NAME = "$(TARGET_NAME)";
				SWIFT_EMIT_LOC_STRINGS = NO;
				SWIFT_VERSION = 5.0;
				TARGETED_DEVICE_FAMILY = "1,2";
				TEST_TARGET_NAME = Zaap;
			};
			name = Release;
		};
/* End XCBuildConfiguration section */

/* Begin XCConfigurationList section */
		2A23EA4D288AEFC800D6DF02 /* Build configuration list for PBXProject "Zaap" */ = {
			isa = XCConfigurationList;
			buildConfigurations = (
				2A23EA74288AEFC800D6DF02 /* Debug */,
				2A23EA75288AEFC800D6DF02 /* Release */,
			);
			defaultConfigurationIsVisible = 0;
			defaultConfigurationName = Release;
		};
		2A23EA76288AEFC800D6DF02 /* Build configuration list for PBXNativeTarget "Zaap" */ = {
			isa = XCConfigurationList;
			buildConfigurations = (
				2A23EA77288AEFC800D6DF02 /* Debug */,
				2A23EA78288AEFC800D6DF02 /* Release */,
			);
			defaultConfigurationIsVisible = 0;
			defaultConfigurationName = Release;
		};
		2A23EA79288AEFC800D6DF02 /* Build configuration list for PBXNativeTarget "ZaapTests" */ = {
			isa = XCConfigurationList;
			buildConfigurations = (
				2A23EA7A288AEFC800D6DF02 /* Debug */,
				2A23EA7B288AEFC800D6DF02 /* Release */,
			);
			defaultConfigurationIsVisible = 0;
			defaultConfigurationName = Release;
		};
		2A23EA7C288AEFC800D6DF02 /* Build configuration list for PBXNativeTarget "ZaapUITests" */ = {
			isa = XCConfigurationList;
			buildConfigurations = (
				2A23EA7D288AEFC800D6DF02 /* Debug */,
				2A23EA7E288AEFC800D6DF02 /* Release */,
			);
			defaultConfigurationIsVisible = 0;
			defaultConfigurationName = Release;
		};
/* End XCConfigurationList section */

/* Begin XCRemoteSwiftPackageReference section */
		2A93FC2E28BFADAE00CF922F /* XCRemoteSwiftPackageReference "SimpleToast" */ = {
			isa = XCRemoteSwiftPackageReference;
			repositoryURL = "https://github.com/sanzaru/SimpleToast.git";
			requirement = {
				branch = master;
				kind = branch;
			};
		};
		2ABACA2A28BCB75300C7CB8E /* XCRemoteSwiftPackageReference "SimpleToast" */ = {
			isa = XCRemoteSwiftPackageReference;
			repositoryURL = "https://github.com/sanzaru/SimpleToast.git";
			requirement = {
				kind = upToNextMajorVersion;
				minimumVersion = 0.6.2;
			};
		};
/* End XCRemoteSwiftPackageReference section */

/* Begin XCSwiftPackageProductDependency section */
		2A93FC2F28BFADAE00CF922F /* SimpleToast */ = {
			isa = XCSwiftPackageProductDependency;
			package = 2A93FC2E28BFADAE00CF922F /* XCRemoteSwiftPackageReference "SimpleToast" */;
			productName = SimpleToast;
		};
		2ABACA2B28BCB75300C7CB8E /* SimpleToast */ = {
			isa = XCSwiftPackageProductDependency;
			package = 2ABACA2A28BCB75300C7CB8E /* XCRemoteSwiftPackageReference "SimpleToast" */;
			productName = SimpleToast;
		};
/* End XCSwiftPackageProductDependency section */
	};
	rootObject = 2A23EA4A288AEFC800D6DF02 /* Project object */;
}
